
Microsoft Visual Studio Solution File, Format Version 12.00
# Visual Studio Version 16
VisualStudioVersion = 16.0.29326.143
MinimumVisualStudioVersion = 10.0.40219.1
Project("{FAE04EC0-301F-11D3-BF4B-00C04F79EFBC}") = "lab_9", "lab_9\lab_9.csproj", "{D8BE60B8-0264-4D78-BB1D-00C5E7AD9609}"
EndProject
Global
	GlobalSection(SolutionConfigurationPlatforms) = preSolution
		Debug|Any CPU = Debug|Any CPU
		Release|Any CPU = Release|Any CPU
	EndGlobalSection
	GlobalSection(ProjectConfigurationPlatforms) = postSolution
		{D8BE60B8-0264-4D78-BB1D-00C5E7AD9609}.Debug|Any CPU.ActiveCfg = Debug|Any CPU
		{D8BE60B8-0264-4D78-BB1D-00C5E7AD9609}.Debug|Any CPU.Build.0 = Debug|Any CPU
		{D8BE60B8-0264-4D78-BB1D-00C5E7AD9609}.Release|Any CPU.ActiveCfg = Release|Any CPU
		{D8BE60B8-0264-4D78-BB1D-00C5E7AD9609}.Release|Any CPU.Build.0 = Release|Any CPU
	EndGlobalSection
	GlobalSection(SolutionProperties) = preSolution
		HideSolutionNode = FALSE
	EndGlobalSection
	GlobalSection(ExtensibilityGlobals) = postSolution
		SolutionGuid = {17599E4B-A27E-4B60-A5E9-C8727F971440}
	EndGlobalSection
EndGlobal
